// !$*UTF8*$!
{
	archiveVersion = 1;
	classes = {
	};
	objectVersion = 50;
	objects = {

/* Begin PBXBuildFile section */
		187BA51B20DCA21600707EC7 /* AppDelegate.m in Sources */ = {isa = PBXBuildFile; fileRef = 187BA51A20DCA21600707EC7 /* AppDelegate.m */; };
		187BA51E20DCA21600707EC7 /* ViewController.m in Sources */ = {isa = PBXBuildFile; fileRef = 187BA51D20DCA21600707EC7 /* ViewController.m */; };
		187BA52120DCA21600707EC7 /* Main.storyboard in Resources */ = {isa = PBXBuildFile; fileRef = 187BA51F20DCA21600707EC7 /* Main.storyboard */; };
		187BA52320DCA21800707EC7 /* Assets.xcassets in Resources */ = {isa = PBXBuildFile; fileRef = 187BA52220DCA21800707EC7 /* Assets.xcassets */; };
		187BA52620DCA21800707EC7 /* LaunchScreen.storyboard in Resources */ = {isa = PBXBuildFile; fileRef = 187BA52420DCA21800707EC7 /* LaunchScreen.storyboard */; };
		187BA52920DCA21800707EC7 /* main.m in Sources */ = {isa = PBXBuildFile; fileRef = 187BA52820DCA21800707EC7 /* main.m */; };
		187BA53220DCA86800707EC7 /* SecondController.m in Sources */ = {isa = PBXBuildFile; fileRef = 187BA53020DCA86800707EC7 /* SecondController.m */; };
		187BA53320DCA86800707EC7 /* SecondController.xib in Resources */ = {isa = PBXBuildFile; fileRef = 187BA53120DCA86800707EC7 /* SecondController.xib */; };
		18A146D320E2326100DBD9B5 /* ThirdController.m in Sources */ = {isa = PBXBuildFile; fileRef = 18A146D220E2326100DBD9B5 /* ThirdController.m */; };
		18F4A20B20E0BE8800C34FFB /* RoutersManager.m in Sources */ = {isa = PBXBuildFile; fileRef = 18F4A20A20E0BE8800C34FFB /* RoutersManager.m */; };
		F782DF6FC44C20045CA44F72 /* libPods-JLRouterTest.a in Frameworks */ = {isa = PBXBuildFile; fileRef = 3CBCA9CEEB36313770C04291 /* libPods-JLRouterTest.a */; };
/* End PBXBuildFile section */

/* Begin PBXFileReference section */
		187BA51620DCA21600707EC7 /* JLRouterTest.app */ = {isa = PBXFileReference; explicitFileType = wrapper.application; includeInIndex = 0; path = JLRouterTest.app; sourceTree = BUILT_PRODUCTS_DIR; };
		187BA51920DCA21600707EC7 /* AppDelegate.h */ = {isa = PBXFileReference; lastKnownFileType = sourcecode.c.h; path = AppDelegate.h; sourceTree = "<group>"; };
		187BA51A20DCA21600707EC7 /* AppDelegate.m */ = {isa = PBXFileReference; lastKnownFileType = sourcecode.c.objc; path = AppDelegate.m; sourceTree = "<group>"; };
		187BA51C20DCA21600707EC7 /* ViewController.h */ = {isa = PBXFileReference; lastKnownFileType = sourcecode.c.h; path = ViewController.h; sourceTree = "<group>"; };
		187BA51D20DCA21600707EC7 /* ViewController.m */ = {isa = PBXFileReference; lastKnownFileType = sourcecode.c.objc; path = ViewController.m; sourceTree = "<group>"; };
		187BA52020DCA21600707EC7 /* Base */ = {isa = PBXFileReference; lastKnownFileType = file.storyboard; name = Base; path = Base.lproj/Main.storyboard; sourceTree = "<group>"; };
		187BA52220DCA21800707EC7 /* Assets.xcassets */ = {isa = PBXFileReference; lastKnownFileType = folder.assetcatalog; path = Assets.xcassets; sourceTree = "<group>"; };
		187BA52520DCA21800707EC7 /* Base */ = {isa = PBXFileReference; lastKnownFileType = file.storyboard; name = Base; path = Base.lproj/LaunchScreen.storyboard; sourceTree = "<group>"; };
		187BA52720DCA21800707EC7 /* Info.plist */ = {isa = PBXFileReference; lastKnownFileType = text.plist.xml; path = Info.plist; sourceTree = "<group>"; };
		187BA52820DCA21800707EC7 /* main.m */ = {isa = PBXFileReference; lastKnownFileType = sourcecode.c.objc; path = main.m; sourceTree = "<group>"; };
		187BA52F20DCA86800707EC7 /* SecondController.h */ = {isa = PBXFileReference; lastKnownFileType = sourcecode.c.h; path = SecondController.h; sourceTree = "<group>"; };
		187BA53020DCA86800707EC7 /* SecondController.m */ = {isa = PBXFileReference; lastKnownFileType = sourcecode.c.objc; path = SecondController.m; sourceTree = "<group>"; };
		187BA53120DCA86800707EC7 /* SecondController.xib */ = {isa = PBXFileReference; lastKnownFileType = file.xib; path = SecondController.xib; sourceTree = "<group>"; };
		18A146D120E2326100DBD9B5 /* ThirdController.h */ = {isa = PBXFileReference; lastKnownFileType = sourcecode.c.h; path = ThirdController.h; sourceTree = "<group>"; };
		18A146D220E2326100DBD9B5 /* ThirdController.m */ = {isa = PBXFileReference; lastKnownFileType = sourcecode.c.objc; path = ThirdController.m; sourceTree = "<group>"; };
		18F4A20920E0BE8800C34FFB /* RoutersManager.h */ = {isa = PBXFileReference; lastKnownFileType = sourcecode.c.h; path = RoutersManager.h; sourceTree = "<group>"; };
		18F4A20A20E0BE8800C34FFB /* RoutersManager.m */ = {isa = PBXFileReference; lastKnownFileType = sourcecode.c.objc; path = RoutersManager.m; sourceTree = "<group>"; };
		3CBCA9CEEB36313770C04291 /* libPods-JLRouterTest.a */ = {isa = PBXFileReference; explicitFileType = archive.ar; includeInIndex = 0; path = "libPods-JLRouterTest.a"; sourceTree = BUILT_PRODUCTS_DIR; };
		5DB11D9116D9FFB73B5C4A2C /* Pods-JLRouterTest.release.xcconfig */ = {isa = PBXFileReference; includeInIndex = 1; lastKnownFileType = text.xcconfig; name = "Pods-JLRouterTest.release.xcconfig"; path = "Pods/Target Support Files/Pods-JLRouterTest/Pods-JLRouterTest.release.xcconfig"; sourceTree = "<group>"; };
		DC68A65734A984BAF0E609A2 /* Pods-JLRouterTest.debug.xcconfig */ = {isa = PBXFileReference; includeInIndex = 1; lastKnownFileType = text.xcconfig; name = "Pods-JLRouterTest.debug.xcconfig"; path = "Pods/Target Support Files/Pods-JLRouterTest/Pods-JLRouterTest.debug.xcconfig"; sourceTree = "<group>"; };
/* End PBXFileReference section */

/* Begin PBXFrameworksBuildPhase section */
		187BA51320DCA21600707EC7 /* Frameworks */ = {
			isa = PBXFrameworksBuildPhase;
			buildActionMask = 2147483647;
			files = (
				F782DF6FC44C20045CA44F72 /* libPods-JLRouterTest.a in Frameworks */,
			);
			runOnlyForDeploymentPostprocessing = 0;
		};
/* End PBXFrameworksBuildPhase section */

/* Begin PBXGroup section */
		0ADE9E95C900D5DDA78BCC6C /* Frameworks */ = {
			isa = PBXGroup;
			children = (
				3CBCA9CEEB36313770C04291 /* libPods-JLRouterTest.a */,
			);
			name = Frameworks;
			sourceTree = "<group>";
		};
		187BA50D20DCA21600707EC7 = {
			isa = PBXGroup;
			children = (
				187BA51820DCA21600707EC7 /* JLRouterTest */,
				187BA51720DCA21600707EC7 /* Products */,
				87E3F3F6BDC33B50D15D46C7 /* Pods */,
				0ADE9E95C900D5DDA78BCC6C /* Frameworks */,
			);
			sourceTree = "<group>";
		};
		187BA51720DCA21600707EC7 /* Products */ = {
			isa = PBXGroup;
			children = (
				187BA51620DCA21600707EC7 /* JLRouterTest.app */,
			);
			name = Products;
			sourceTree = "<group>";
		};
		187BA51820DCA21600707EC7 /* JLRouterTest */ = {
			isa = PBXGroup;
			children = (
				18A146D420E2326700DBD9B5 /* Controllers */,
				187BA51920DCA21600707EC7 /* AppDelegate.h */,
				187BA51A20DCA21600707EC7 /* AppDelegate.m */,
				187BA51C20DCA21600707EC7 /* ViewController.h */,
				187BA51D20DCA21600707EC7 /* ViewController.m */,
				187BA51F20DCA21600707EC7 /* Main.storyboard */,
				187BA52220DCA21800707EC7 /* Assets.xcassets */,
				187BA52420DCA21800707EC7 /* LaunchScreen.storyboard */,
				187BA52720DCA21800707EC7 /* Info.plist */,
				187BA52820DCA21800707EC7 /* main.m */,
				18F4A20920E0BE8800C34FFB /* RoutersManager.h */,
				18F4A20A20E0BE8800C34FFB /* RoutersManager.m */,
			);
			path = JLRouterTest;
			sourceTree = "<group>";
		};
		18A146D420E2326700DBD9B5 /* Controllers */ = {
			isa = PBXGroup;
			children = (
				18A146D120E2326100DBD9B5 /* ThirdController.h */,
				18A146D220E2326100DBD9B5 /* ThirdController.m */,
				187BA52F20DCA86800707EC7 /* SecondController.h */,
				187BA53020DCA86800707EC7 /* SecondController.m */,
				187BA53120DCA86800707EC7 /* SecondController.xib */,
			);
			path = Controllers;
			sourceTree = "<group>";
		};
		87E3F3F6BDC33B50D15D46C7 /* Pods */ = {
			isa = PBXGroup;
			children = (
				DC68A65734A984BAF0E609A2 /* Pods-JLRouterTest.debug.xcconfig */,
				5DB11D9116D9FFB73B5C4A2C /* Pods-JLRouterTest.release.xcconfig */,
			);
			name = Pods;
			sourceTree = "<group>";
		};
/* End PBXGroup section */

/* Begin PBXNativeTarget section */
		187BA51520DCA21600707EC7 /* JLRouterTest */ = {
			isa = PBXNativeTarget;
			buildConfigurationList = 187BA52C20DCA21800707EC7 /* Build configuration list for PBXNativeTarget "JLRouterTest" */;
			buildPhases = (
				2BA9F2E18F1ACC35D1B01826 /* [CP] Check Pods Manifest.lock */,
				187BA51220DCA21600707EC7 /* Sources */,
				187BA51320DCA21600707EC7 /* Frameworks */,
				187BA51420DCA21600707EC7 /* Resources */,
			);
			buildRules = (
			);
			dependencies = (
			);
			name = JLRouterTest;
			productName = JLRouterTest;
			productReference = 187BA51620DCA21600707EC7 /* JLRouterTest.app */;
			productType = "com.apple.product-type.application";
		};
/* End PBXNativeTarget section */

/* Begin PBXProject section */
		187BA50E20DCA21600707EC7 /* Project object */ = {
			isa = PBXProject;
			attributes = {
				LastUpgradeCheck = 0940;
				ORGANIZATIONNAME = Lfur;
				TargetAttributes = {
					187BA51520DCA21600707EC7 = {
						CreatedOnToolsVersion = 9.4;
					};
				};
			};
			buildConfigurationList = 187BA51120DCA21600707EC7 /* Build configuration list for PBXProject "JLRouterTest" */;
			compatibilityVersion = "Xcode 9.3";
			developmentRegion = en;
			hasScannedForEncodings = 0;
			knownRegions = (
				en,
				Base,
			);
			mainGroup = 187BA50D20DCA21600707EC7;
			productRefGroup = 187BA51720DCA21600707EC7 /* Products */;
			projectDirPath = "";
			projectRoot = "";
			targets = (
				187BA51520DCA21600707EC7 /* JLRouterTest */,
			);
		};
/* End PBXProject section */

/* Begin PBXResourcesBuildPhase section */
		187BA51420DCA21600707EC7 /* Resources */ = {
			isa = PBXResourcesBuildPhase;
			buildActionMask = 2147483647;
			files = (
				187BA52620DCA21800707EC7 /* LaunchScreen.storyboard in Resources */,
				187BA53320DCA86800707EC7 /* SecondController.xib in Resources */,
				187BA52320DCA21800707EC7 /* Assets.xcassets in Resources */,
				187BA52120DCA21600707EC7 /* Main.storyboard in Resources */,
			);
			runOnlyForDeploymentPostprocessing = 0;
		};
/* End PBXResourcesBuildPhase section */

/* Begin PBXShellScriptBuildPhase section */
		2BA9F2E18F1ACC35D1B01826 /* [CP] Check Pods Manifest.lock */ = {
			isa = PBXShellScriptBuildPhase;
			buildActionMask = 2147483647;
			files = (
			);
			inputPaths = (
				"${PODS_PODFILE_DIR_PATH}/Podfile.lock",
				"${PODS_ROOT}/Manifest.lock",
			);
			name = "[CP] Check Pods Manifest.lock";
			outputPaths = (
				"$(DERIVED_FILE_DIR)/Pods-JLRouterTest-checkManifestLockResult.txt",
			);
			runOnlyForDeploymentPostprocessing = 0;
			shellPath = /bin/sh;
			shellScript = "diff \"${PODS_PODFILE_DIR_PATH}/Podfile.lock\" \"${PODS_ROOT}/Manifest.lock\" > /dev/null\nif [ $? != 0 ] ; then\n    # print error to STDERR\n    echo \"error: The sandbox is not in sync with the Podfile.lock. Run 'pod install' or update your CocoaPods installation.\" >&2\n    exit 1\nfi\n# This output is used by Xcode 'outputs' to avoid re-running this script phase.\necho \"SUCCESS\" > \"${SCRIPT_OUTPUT_FILE_0}\"\n";
			showEnvVarsInLog = 0;
		};
/* End PBXShellScriptBuildPhase section */

/* Begin PBXSourcesBuildPhase section */
		187BA51220DCA21600707EC7 /* Sources */ = {
			isa = PBXSourcesBuildPhase;
			buildActionMask = 2147483647;
			files = (
				18F4A20B20E0BE8800C34FFB /* RoutersManager.m in Sources */,
				18A146D320E2326100DBD9B5 /* ThirdController.m in Sources */,
				187BA51E20DCA21600707EC7 /* ViewController.m in Sources */,
				187BA53220DCA86800707EC7 /* SecondController.m in Sources */,
				187BA52920DCA21800707EC7 /* main.m in Sources */,
				187BA51B20DCA21600707EC7 /* AppDelegate.m in Sources */,
			);
			runOnlyForDeploymentPostprocessing = 0;
		};
/* End PBXSourcesBuildPhase section */

/* Begin PBXVariantGroup section */
		187BA51F20DCA21600707EC7 /* Main.storyboard */ = {
			isa = PBXVariantGroup;
			children = (
				187BA52020DCA21600707EC7 /* Base */,
			);
			name = Main.storyboard;
			sourceTree = "<group>";
		};
		187BA52420DCA21800707EC7 /* LaunchScreen.storyboard */ = {
			isa = PBXVariantGroup;
			children = (
				187BA52520DCA21800707EC7 /* Base */,
			);
			name = LaunchScreen.storyboard;
			sourceTree = "<group>";
		};
/* End PBXVariantGroup section */

/* Begin XCBuildConfiguration section */
		187BA52A20DCA21800707EC7 /* Debug */ = {
			isa = XCBuildConfiguration;
			buildSettings = {
				ALWAYS_SEARCH_USER_PATHS = NO;
				CLANG_ANALYZER_NONNULL = YES;
				CLANG_ANALYZER_NUMBER_OBJECT_CONVERSION = YES_AGGRESSIVE;
				CLANG_CXX_LANGUAGE_STANDARD = "gnu++14";
				CLANG_CXX_LIBRARY = "libc++";
				CLANG_ENABLE_MODULES = YES;
				CLANG_ENABLE_OBJC_ARC = YES;
				CLANG_ENABLE_OBJC_WEAK = YES;
				CLANG_WARN_BLOCK_CAPTURE_AUTORELEASING = YES;
				CLANG_WARN_BOOL_CONVERSION = YES;
				CLANG_WARN_COMMA = YES;
				CLANG_WARN_CONSTANT_CONVERSION = YES;
				CLANG_WARN_DEPRECATED_OBJC_IMPLEMENTATIONS = YES;
				CLANG_WARN_DIRECT_OBJC_ISA_USAGE = YES_ERROR;
				CLANG_WARN_DOCUMENTATION_COMMENTS = YES;
				CLANG_WARN_EMPTY_BODY = YES;
				CLANG_WARN_ENUM_CONVERSION = YES;
				CLANG_WARN_INFINITE_RECURSION = YES;
				CLANG_WARN_INT_CONVERSION = YES;
				CLANG_WARN_NON_LITERAL_NULL_CONVERSION = YES;
				CLANG_WARN_OBJC_IMPLICIT_RETAIN_SELF = YES;
				CLANG_WARN_OBJC_LITERAL_CONVERSION = YES;
				CLANG_WARN_OBJC_ROOT_CLASS = YES_ERROR;
				CLANG_WARN_RANGE_LOOP_ANALYSIS = YES;
				CLANG_WARN_STRICT_PROTOTYPES = YES;
				CLANG_WARN_SUSPICIOUS_MOVE = YES;
				CLANG_WARN_UNGUARDED_AVAILABILITY = YES_AGGRESSIVE;
				CLANG_WARN_UNREACHABLE_CODE = YES;
				CLANG_WARN__DUPLICATE_METHOD_MATCH = YES;
				CODE_SIGN_IDENTITY = "iPhone Developer";
				COPY_PHASE_STRIP = NO;
				DEBUG_INFORMATION_FORMAT = dwarf;
				ENABLE_STRICT_OBJC_MSGSEND = YES;
				ENABLE_TESTABILITY = YES;
				GCC_C_LANGUAGE_STANDARD = gnu11;
				GCC_DYNAMIC_NO_PIC = NO;
				GCC_NO_COMMON_BLOCKS = YES;
				GCC_OPTIMIZATION_LEVEL = 0;
				GCC_PREPROCESSOR_DEFINITIONS = (
					"DEBUG=1",
					"$(inherited)",
				);
				GCC_WARN_64_TO_32_BIT_CONVERSION = YES;
				GCC_WARN_ABOUT_RETURN_TYPE = YES_ERROR;
				GCC_WARN_UNDECLARED_SELECTOR = YES;
				GCC_WARN_UNINITIALIZED_AUTOS = YES_AGGRESSIVE;
				GCC_WARN_UNUSED_FUNCTION = YES;
				GCC_WARN_UNUSED_VARIABLE = YES;
				IPHONEOS_DEPLOYMENT_TARGET = 11.4;
				MTL_ENABLE_DEBUG_INFO = YES;
				ONLY_ACTIVE_ARCH = YES;
				SDKROOT = iphoneos;
			};
			name = Debug;
		};
		187BA52B20DCA21800707EC7 /* Release */ = {
			isa = XCBuildConfiguration;
			buildSettings = {
				ALWAYS_SEARCH_USER_PATHS = NO;
				CLANG_ANALYZER_NONNULL = YES;
				CLANG_ANALYZER_NUMBER_OBJECT_CONVERSION = YES_AGGRESSIVE;
				CLANG_CXX_LANGUAGE_STANDARD = "gnu++14";
				CLANG_CXX_LIBRARY = "libc++";
				CLANG_ENABLE_MODULES = YES;
				CLANG_ENABLE_OBJC_ARC = YES;
				CLANG_ENABLE_OBJC_WEAK = YES;
				CLANG_WARN_BLOCK_CAPTURE_AUTORELEASING = YES;
				CLANG_WARN_BOOL_CONVERSION = YES;
				CLANG_WARN_COMMA = YES;
				CLANG_WARN_CONSTANT_CONVERSION = YES;
				CLANG_WARN_DEPRECATED_OBJC_IMPLEMENTATIONS = YES;
				CLANG_WARN_DIRECT_OBJC_ISA_USAGE = YES_ERROR;
				CLANG_WARN_DOCUMENTATION_COMMENTS = YES;
				CLANG_WARN_EMPTY_BODY = YES;
				CLANG_WARN_ENUM_CONVERSION = YES;
				CLANG_WARN_INFINITE_RECURSION = YES;
				CLANG_WARN_INT_CONVERSION = YES;
				CLANG_WARN_NON_LITERAL_NULL_CONVERSION = YES;
				CLANG_WARN_OBJC_IMPLICIT_RETAIN_SELF = YES;
				CLANG_WARN_OBJC_LITERAL_CONVERSION = YES;
				CLANG_WARN_OBJC_ROOT_CLASS = YES_ERROR;
				CLANG_WARN_RANGE_LOOP_ANALYSIS = YES;
				CLANG_WARN_STRICT_PROTOTYPES = YES;
				CLANG_WARN_SUSPICIOUS_MOVE = YES;
				CLANG_WARN_UNGUARDED_AVAILABILITY = YES_AGGRESSIVE;
				CLANG_WARN_UNREACHABLE_CODE = YES;
				CLANG_WARN__DUPLICATE_METHOD_MATCH = YES;
				CODE_SIGN_IDENTITY = "iPhone Developer";
				COPY_PHASE_STRIP = NO;
				DEBUG_INFORMATION_FORMAT = "dwarf-with-dsym";
				ENABLE_NS_ASSERTIONS = NO;
				ENABLE_STRICT_OBJC_MSGSEND = YES;
				GCC_C_LANGUAGE_STANDARD = gnu11;
				GCC_NO_COMMON_BLOCKS = YES;
				GCC_WARN_64_TO_32_BIT_CONVERSION = YES;
				GCC_WARN_ABOUT_RETURN_TYPE = YES_ERROR;
				GCC_WARN_UNDECLARED_SELECTOR = YES;
				GCC_WARN_UNINITIALIZED_AUTOS = YES_AGGRESSIVE;
				GCC_WARN_UNUSED_FUNCTION = YES;
				GCC_WARN_UNUSED_VARIABLE = YES;
				IPHONEOS_DEPLOYMENT_TARGET = 11.4;
				MTL_ENABLE_DEBUG_INFO = NO;
				SDKROOT = iphoneos;
				VALIDATE_PRODUCT = YES;
			};
			name = Release;
		};
		187BA52D20DCA21800707EC7 /* Debug */ = {
			isa = XCBuildConfiguration;
			baseConfigurationReference = DC68A65734A984BAF0E609A2 /* Pods-JLRouterTest.debug.xcconfig */;
			buildSettings = {
				ASSETCATALOG_COMPILER_APPICON_NAME = AppIcon;
				CODE_SIGN_STYLE = Automatic;
				DEVELOPMENT_TEAM = K9DS6XKGWL;
				INFOPLIST_FILE = JLRouterTest/Info.plist;
				LD_RUNPATH_SEARCH_PATHS = (
					"$(inherited)",
					"@executable_path/Frameworks",
				);
				PRODUCT_BUNDLE_IDENTIFIER = Dream.JLRouterTest;
				PRODUCT_NAME = "$(TARGET_NAME)";
				TARGETED_DEVICE_FAMILY = "1,2";
			};
			name = Debug;
		};
		187BA52E20DCA21800707EC7 /* Release */ = {
			isa = XCBuildConfiguration;
			baseConfigurationReference = 5DB11D9116D9FFB73B5C4A2C /* Pods-JLRouterTest.release.xcconfig */;
			buildSettings = {
				ASSETCATALOG_COMPILER_APPICON_NAME = AppIcon;
				CODE_SIGN_STYLE = Automatic;
				DEVELOPMENT_TEAM = K9DS6XKGWL;
				INFOPLIST_FILE = JLRouterTest/Info.plist;
				LD_RUNPATH_SEARCH_PATHS = (
					"$(inherited)",
					"@executable_path/Frameworks",
				);
				PRODUCT_BUNDLE_IDENTIFIER = Dream.JLRouterTest;
				PRODUCT_NAME = "$(TARGET_NAME)";
				TARGETED_DEVICE_FAMILY = "1,2";
			};
			name = Release;
		};
/* End XCBuildConfiguration section */

/* Begin XCConfigurationList section */
		187BA51120DCA21600707EC7 /* Build configuration list for PBXProject "JLRouterTest" */ = {
			isa = XCConfigurationList;
			buildConfigurations = (
				187BA52A20DCA21800707EC7 /* Debug */,
				187BA52B20DCA21800707EC7 /* Release */,
			);
			defaultConfigurationIsVisible = 0;
			defaultConfigurationName = Release;
		};
		187BA52C20DCA21800707EC7 /* Build configuration list for PBXNativeTarget "JLRouterTest" */ = {
			isa = XCConfigurationList;
			buildConfigurations = (
				187BA52D20DCA21800707EC7 /* Debug */,
				187BA52E20DCA21800707EC7 /* Release */,
			);
			defaultConfigurationIsVisible = 0;
			defaultConfigurationName = Release;
		};
/* End XCConfigurationList section */
	};
	rootObject = 187BA50E20DCA21600707EC7 /* Project object */;
}
